
Microsoft Visual Studio Solution File, Format Version 12.00
# Visual Studio Version 17
VisualStudioVersion = 17.11.35222.181
MinimumVisualStudioVersion = 10.0.40219.1
Project("{FAE04EC0-301F-11D3-BF4B-00C04F79EFBC}") = "V2TChat", "V2TChat\V2TChat.csproj", "{E297D222-7715-415F-958F-673BED7B6549}"
EndProject
Global
	GlobalSection(SolutionConfigurationPlatforms) = preSolution
		Debug|Any CPU = Debug|Any CPU
		Release|Any CPU = Release|Any CPU
	EndGlobalSection
	GlobalSection(ProjectConfigurationPlatforms) = postSolution
		{E297D222-7715-415F-958F-673BED7B6549}.Debug|Any CPU.ActiveCfg = Debug|Any CPU
		{E297D222-7715-415F-958F-673BED7B6549}.Debug|Any CPU.Build.0 = Debug|Any CPU
		{E297D222-7715-415F-958F-673BED7B6549}.Release|Any CPU.ActiveCfg = Release|Any CPU
		{E297D222-7715-415F-958F-673BED7B6549}.Release|Any CPU.Build.0 = Release|Any CPU
	EndGlobalSection
	GlobalSection(SolutionProperties) = preSolution
		HideSolutionNode = FALSE
	EndGlobalSection
	GlobalSection(ExtensibilityGlobals) = postSolution
		SolutionGuid = {D86D0F3C-8832-4D7E-B154-792FDA9733DC}
	EndGlobalSection
EndGlobal
